// !$*UTF8*$!
{
	archiveVersion = 1;
	classes = {
	};
	objectVersion = 56;
	objects = {

/* Begin PBXBuildFile section */
		279E033F29FDB99500426FEF /* ViewModel.swift in Sources */ = {isa = PBXBuildFile; fileRef = 279E033E29FDB99500426FEF /* ViewModel.swift */; };
		27BF342A2A18B252003A0DFF /* Parameters.xcdatamodeld in Sources */ = {isa = PBXBuildFile; fileRef = 27BF34282A18B252003A0DFF /* Parameters.xcdatamodeld */; };
		27BF342C2A18B3EE003A0DFF /* CoreDataManager.swift in Sources */ = {isa = PBXBuildFile; fileRef = 27BF342B2A18B3EE003A0DFF /* CoreDataManager.swift */; };
		27BF342E2A18C015003A0DFF /* DetailsView.swift in Sources */ = {isa = PBXBuildFile; fileRef = 27BF342D2A18C015003A0DFF /* DetailsView.swift */; };
		27D0041029FC356C008A3FD5 /* BTHygrometerApp.swift in Sources */ = {isa = PBXBuildFile; fileRef = 27D0040F29FC356C008A3FD5 /* BTHygrometerApp.swift */; };
		27D0041229FC356C008A3FD5 /* ContentView.swift in Sources */ = {isa = PBXBuildFile; fileRef = 27D0041129FC356C008A3FD5 /* ContentView.swift */; };
		27D0041429FC356E008A3FD5 /* Assets.xcassets in Resources */ = {isa = PBXBuildFile; fileRef = 27D0041329FC356E008A3FD5 /* Assets.xcassets */; };
		27D0041729FC356E008A3FD5 /* Preview Assets.xcassets in Resources */ = {isa = PBXBuildFile; fileRef = 27D0041629FC356E008A3FD5 /* Preview Assets.xcassets */; };
/* End PBXBuildFile section */

/* Begin PBXFileReference section */
		279E033E29FDB99500426FEF /* ViewModel.swift */ = {isa = PBXFileReference; fileEncoding = 4; lastKnownFileType = sourcecode.swift; path = ViewModel.swift; sourceTree = "<group>"; };
		279E034029FDBC0900426FEF /* Info.plist */ = {isa = PBXFileReference; lastKnownFileType = text.plist; path = Info.plist; sourceTree = "<group>"; };
		27BF34292A18B252003A0DFF /* DataModel.xcdatamodel */ = {isa = PBXFileReference; lastKnownFileType = wrapper.xcdatamodel; path = DataModel.xcdatamodel; sourceTree = "<group>"; };
		27BF342B2A18B3EE003A0DFF /* CoreDataManager.swift */ = {isa = PBXFileReference; lastKnownFileType = sourcecode.swift; path = CoreDataManager.swift; sourceTree = "<group>"; };
		27BF342D2A18C015003A0DFF /* DetailsView.swift */ = {isa = PBXFileReference; lastKnownFileType = sourcecode.swift; path = DetailsView.swift; sourceTree = "<group>"; };
		27D0040C29FC356C008A3FD5 /* BTHygrometer.app */ = {isa = PBXFileReference; explicitFileType = wrapper.application; includeInIndex = 0; path = BTHygrometer.app; sourceTree = BUILT_PRODUCTS_DIR; };
		27D0040F29FC356C008A3FD5 /* BTHygrometerApp.swift */ = {isa = PBXFileReference; lastKnownFileType = sourcecode.swift; path = BTHygrometerApp.swift; sourceTree = "<group>"; };
		27D0041129FC356C008A3FD5 /* ContentView.swift */ = {isa = PBXFileReference; lastKnownFileType = sourcecode.swift; path = ContentView.swift; sourceTree = "<group>"; };
		27D0041329FC356E008A3FD5 /* Assets.xcassets */ = {isa = PBXFileReference; lastKnownFileType = folder.assetcatalog; path = Assets.xcassets; sourceTree = "<group>"; };
		27D0041629FC356E008A3FD5 /* Preview Assets.xcassets */ = {isa = PBXFileReference; lastKnownFileType = folder.assetcatalog; path = "Preview Assets.xcassets"; sourceTree = "<group>"; };
/* End PBXFileReference section */

/* Begin PBXFrameworksBuildPhase section */
		27D0040929FC356C008A3FD5 /* Frameworks */ = {
			isa = PBXFrameworksBuildPhase;
			buildActionMask = 2147483647;
			files = (
			);
			runOnlyForDeploymentPostprocessing = 0;
		};
/* End PBXFrameworksBuildPhase section */

/* Begin PBXGroup section */
		27D0040329FC356C008A3FD5 = {
			isa = PBXGroup;
			children = (
				27D0040E29FC356C008A3FD5 /* BTHygrometer */,
				27D0040D29FC356C008A3FD5 /* Products */,
			);
			sourceTree = "<group>";
		};
		27D0040D29FC356C008A3FD5 /* Products */ = {
			isa = PBXGroup;
			children = (
				27D0040C29FC356C008A3FD5 /* BTHygrometer.app */,
			);
			name = Products;
			sourceTree = "<group>";
		};
		27D0040E29FC356C008A3FD5 /* BTHygrometer */ = {
			isa = PBXGroup;
			children = (
				27D0040F29FC356C008A3FD5 /* BTHygrometerApp.swift */,
				27D0041129FC356C008A3FD5 /* ContentView.swift */,
				27BF342D2A18C015003A0DFF /* DetailsView.swift */,
				279E033E29FDB99500426FEF /* ViewModel.swift */,
				27BF342B2A18B3EE003A0DFF /* CoreDataManager.swift */,
				27BF34282A18B252003A0DFF /* Parameters.xcdatamodeld */,
				279E034029FDBC0900426FEF /* Info.plist */,
				27D0041329FC356E008A3FD5 /* Assets.xcassets */,
				27D0041529FC356E008A3FD5 /* Preview Content */,
			);
			path = BTHygrometer;
			sourceTree = "<group>";
		};
		27D0041529FC356E008A3FD5 /* Preview Content */ = {
			isa = PBXGroup;
			children = (
				27D0041629FC356E008A3FD5 /* Preview Assets.xcassets */,
			);
			path = "Preview Content";
			sourceTree = "<group>";
		};
/* End PBXGroup section */

/* Begin PBXNativeTarget section */
		27D0040B29FC356C008A3FD5 /* BTHygrometer */ = {
			isa = PBXNativeTarget;
			buildConfigurationList = 27D0041A29FC356E008A3FD5 /* Build configuration list for PBXNativeTarget "BTHygrometer" */;
			buildPhases = (
				27D0040829FC356C008A3FD5 /* Sources */,
				27D0040929FC356C008A3FD5 /* Frameworks */,
				27D0040A29FC356C008A3FD5 /* Resources */,
			);
			buildRules = (
			);
			dependencies = (
			);
			name = BTHygrometer;
			productName = BTHygrometer;
			productReference = 27D0040C29FC356C008A3FD5 /* BTHygrometer.app */;
			productType = "com.apple.product-type.application";
		};
/* End PBXNativeTarget section */

/* Begin PBXProject section */
		27D0040429FC356C008A3FD5 /* Project object */ = {
			isa = PBXProject;
			attributes = {
				BuildIndependentTargetsInParallel = 1;
				LastSwiftUpdateCheck = 1430;
				LastUpgradeCheck = 1430;
				TargetAttributes = {
					27D0040B29FC356C008A3FD5 = {
						CreatedOnToolsVersion = 14.3;
					};
				};
			};
			buildConfigurationList = 27D0040729FC356C008A3FD5 /* Build configuration list for PBXProject "BTHygrometer" */;
			compatibilityVersion = "Xcode 14.0";
			developmentRegion = en;
			hasScannedForEncodings = 0;
			knownRegions = (
				en,
				Base,
			);
			mainGroup = 27D0040329FC356C008A3FD5;
			productRefGroup = 27D0040D29FC356C008A3FD5 /* Products */;
			projectDirPath = "";
			projectRoot = "";
			targets = (
				27D0040B29FC356C008A3FD5 /* BTHygrometer */,
			);
		};
/* End PBXProject section */

/* Begin PBXResourcesBuildPhase section */
		27D0040A29FC356C008A3FD5 /* Resources */ = {
			isa = PBXResourcesBuildPhase;
			buildActionMask = 2147483647;
			files = (
				27D0041729FC356E008A3FD5 /* Preview Assets.xcassets in Resources */,
				27D0041429FC356E008A3FD5 /* Assets.xcassets in Resources */,
			);
			runOnlyForDeploymentPostprocessing = 0;
		};
/* End PBXResourcesBuildPhase section */

/* Begin PBXSourcesBuildPhase section */
		27D0040829FC356C008A3FD5 /* Sources */ = {
			isa = PBXSourcesBuildPhase;
			buildActionMask = 2147483647;
			files = (
				27D0041229FC356C008A3FD5 /* ContentView.swift in Sources */,
				27BF342A2A18B252003A0DFF /* Parameters.xcdatamodeld in Sources */,
				27D0041029FC356C008A3FD5 /* BTHygrometerApp.swift in Sources */,
				27BF342C2A18B3EE003A0DFF /* CoreDataManager.swift in Sources */,
				279E033F29FDB99500426FEF /* ViewModel.swift in Sources */,
				27BF342E2A18C015003A0DFF /* DetailsView.swift in Sources */,
			);
			runOnlyForDeploymentPostprocessing = 0;
		};
/* End PBXSourcesBuildPhase section */

/* Begin XCBuildConfiguration section */
		27D0041829FC356E008A3FD5 /* Debug */ = {
			isa = XCBuildConfiguration;
			buildSettings = {
				ALWAYS_SEARCH_USER_PATHS = NO;
				CLANG_ANALYZER_NONNULL = YES;
				CLANG_ANALYZER_NUMBER_OBJECT_CONVERSION = YES_AGGRESSIVE;
				CLANG_CXX_LANGUAGE_STANDARD = "gnu++20";
				CLANG_ENABLE_MODULES = YES;
				CLANG_ENABLE_OBJC_ARC = YES;
				CLANG_ENABLE_OBJC_WEAK = YES;
				CLANG_WARN_BLOCK_CAPTURE_AUTORELEASING = YES;
				CLANG_WARN_BOOL_CONVERSION = YES;
				CLANG_WARN_COMMA = YES;
				CLANG_WARN_CONSTANT_CONVERSION = YES;
				CLANG_WARN_DEPRECATED_OBJC_IMPLEMENTATIONS = YES;
				CLANG_WARN_DIRECT_OBJC_ISA_USAGE = YES_ERROR;
				CLANG_WARN_DOCUMENTATION_COMMENTS = YES;
				CLANG_WARN_EMPTY_BODY = YES;
				CLANG_WARN_ENUM_CONVERSION = YES;
				CLANG_WARN_INFINITE_RECURSION = YES;
				CLANG_WARN_INT_CONVERSION = YES;
				CLANG_WARN_NON_LITERAL_NULL_CONVERSION = YES;
				CLANG_WARN_OBJC_IMPLICIT_RETAIN_SELF = YES;
				CLANG_WARN_OBJC_LITERAL_CONVERSION = YES;
				CLANG_WARN_OBJC_ROOT_CLASS = YES_ERROR;
				CLANG_WARN_QUOTED_INCLUDE_IN_FRAMEWORK_HEADER = YES;
				CLANG_WARN_RANGE_LOOP_ANALYSIS = YES;
				CLANG_WARN_STRICT_PROTOTYPES = YES;
				CLANG_WARN_SUSPICIOUS_MOVE = YES;
				CLANG_WARN_UNGUARDED_AVAILABILITY = YES_AGGRESSIVE;
				CLANG_WARN_UNREACHABLE_CODE = YES;
				CLANG_WARN__DUPLICATE_METHOD_MATCH = YES;
				COPY_PHASE_STRIP = NO;
				DEBUG_INFORMATION_FORMAT = dwarf;
				ENABLE_STRICT_OBJC_MSGSEND = YES;
				ENABLE_TESTABILITY = YES;
				GCC_C_LANGUAGE_STANDARD = gnu11;
				GCC_DYNAMIC_NO_PIC = NO;
				GCC_NO_COMMON_BLOCKS = YES;
				GCC_OPTIMIZATION_LEVEL = 0;
				GCC_PREPROCESSOR_DEFINITIONS = (
					"DEBUG=1",
					"$(inherited)",
				);
				GCC_WARN_64_TO_32_BIT_CONVERSION = YES;
				GCC_WARN_ABOUT_RETURN_TYPE = YES_ERROR;
				GCC_WARN_UNDECLARED_SELECTOR = YES;
				GCC_WARN_UNINITIALIZED_AUTOS = YES_AGGRESSIVE;
				GCC_WARN_UNUSED_FUNCTION = YES;
				GCC_WARN_UNUSED_VARIABLE = YES;
				IPHONEOS_DEPLOYMENT_TARGET = 16.4;
				MTL_ENABLE_DEBUG_INFO = INCLUDE_SOURCE;
				MTL_FAST_MATH = YES;
				ONLY_ACTIVE_ARCH = YES;
				SDKROOT = iphoneos;
				SWIFT_ACTIVE_COMPILATION_CONDITIONS = DEBUG;
				SWIFT_OPTIMIZATION_LEVEL = "-Onone";
			};
			name = Debug;
		};
		27D0041929FC356E008A3FD5 /* Release */ = {
			isa = XCBuildConfiguration;
			buildSettings = {
				ALWAYS_SEARCH_USER_PATHS = NO;
				CLANG_ANALYZER_NONNULL = YES;
				CLANG_ANALYZER_NUMBER_OBJECT_CONVERSION = YES_AGGRESSIVE;
				CLANG_CXX_LANGUAGE_STANDARD = "gnu++20";
				CLANG_ENABLE_MODULES = YES;
				CLANG_ENABLE_OBJC_ARC = YES;
				CLANG_ENABLE_OBJC_WEAK = YES;
				CLANG_WARN_BLOCK_CAPTURE_AUTORELEASING = YES;
				CLANG_WARN_BOOL_CONVERSION = YES;
				CLANG_WARN_COMMA = YES;
				CLANG_WARN_CONSTANT_CONVERSION = YES;
				CLANG_WARN_DEPRECATED_OBJC_IMPLEMENTATIONS = YES;
				CLANG_WARN_DIRECT_OBJC_ISA_USAGE = YES_ERROR;
				CLANG_WARN_DOCUMENTATION_COMMENTS = YES;
				CLANG_WARN_EMPTY_BODY = YES;
				CLANG_WARN_ENUM_CONVERSION = YES;
				CLANG_WARN_INFINITE_RECURSION = YES;
				CLANG_WARN_INT_CONVERSION = YES;
				CLANG_WARN_NON_LITERAL_NULL_CONVERSION = YES;
				CLANG_WARN_OBJC_IMPLICIT_RETAIN_SELF = YES;
				CLANG_WARN_OBJC_LITERAL_CONVERSION = YES;
				CLANG_WARN_OBJC_ROOT_CLASS = YES_ERROR;
				CLANG_WARN_QUOTED_INCLUDE_IN_FRAMEWORK_HEADER = YES;
				CLANG_WARN_RANGE_LOOP_ANALYSIS = YES;
				CLANG_WARN_STRICT_PROTOTYPES = YES;
				CLANG_WARN_SUSPICIOUS_MOVE = YES;
				CLANG_WARN_UNGUARDED_AVAILABILITY = YES_AGGRESSIVE;
				CLANG_WARN_UNREACHABLE_CODE = YES;
				CLANG_WARN__DUPLICATE_METHOD_MATCH = YES;
				COPY_PHASE_STRIP = NO;
				DEBUG_INFORMATION_FORMAT = "dwarf-with-dsym";
				ENABLE_NS_ASSERTIONS = NO;
				ENABLE_STRICT_OBJC_MSGSEND = YES;
				GCC_C_LANGUAGE_STANDARD = gnu11;
				GCC_NO_COMMON_BLOCKS = YES;
				GCC_WARN_64_TO_32_BIT_CONVERSION = YES;
				GCC_WARN_ABOUT_RETURN_TYPE = YES_ERROR;
				GCC_WARN_UNDECLARED_SELECTOR = YES;
				GCC_WARN_UNINITIALIZED_AUTOS = YES_AGGRESSIVE;
				GCC_WARN_UNUSED_FUNCTION = YES;
				GCC_WARN_UNUSED_VARIABLE = YES;
				IPHONEOS_DEPLOYMENT_TARGET = 16.4;
				MTL_ENABLE_DEBUG_INFO = NO;
				MTL_FAST_MATH = YES;
				SDKROOT = iphoneos;
				SWIFT_COMPILATION_MODE = wholemodule;
				SWIFT_OPTIMIZATION_LEVEL = "-O";
				VALIDATE_PRODUCT = YES;
			};
			name = Release;
		};
		27D0041B29FC356E008A3FD5 /* Debug */ = {
			isa = XCBuildConfiguration;
			buildSettings = {
				ASSETCATALOG_COMPILER_APPICON_NAME = AppIcon;
				ASSETCATALOG_COMPILER_GLOBAL_ACCENT_COLOR_NAME = AccentColor;
				CODE_SIGN_STYLE = Automatic;
				CURRENT_PROJECT_VERSION = 1;
				DEVELOPMENT_ASSET_PATHS = "\"BTHygrometer/Preview Content\"";
				DEVELOPMENT_TEAM = 27FU6W5HPT;
				ENABLE_PREVIEWS = YES;
				GENERATE_INFOPLIST_FILE = YES;
				INFOPLIST_FILE = BTHygrometer/Info.plist;
				INFOPLIST_KEY_UIApplicationSceneManifest_Generation = YES;
				INFOPLIST_KEY_UIApplicationSupportsIndirectInputEvents = YES;
				INFOPLIST_KEY_UILaunchScreen_Generation = YES;
				INFOPLIST_KEY_UISupportedInterfaceOrientations = UIInterfaceOrientationPortrait;
				IPHONEOS_DEPLOYMENT_TARGET = 16.0;
				LD_RUNPATH_SEARCH_PATHS = (
					"$(inherited)",
					"@executable_path/Frameworks",
				);
				MARKETING_VERSION = 1.0;
				PRODUCT_BUNDLE_IDENTIFIER = ru.rgrachik.BTHygrometer;
				PRODUCT_NAME = "$(TARGET_NAME)";
				SUPPORTED_PLATFORMS = "iphoneos iphonesimulator";
				SUPPORTS_MACCATALYST = NO;
				SUPPORTS_MAC_DESIGNED_FOR_IPHONE_IPAD = NO;
				SWIFT_EMIT_LOC_STRINGS = YES;
				SWIFT_VERSION = 5.0;
				TARGETED_DEVICE_FAMILY = 1;
			};
			name = Debug;
		};
		27D0041C29FC356E008A3FD5 /* Release */ = {
			isa = XCBuildConfiguration;
			buildSettings = {
				ASSETCATALOG_COMPILER_APPICON_NAME = AppIcon;
				ASSETCATALOG_COMPILER_GLOBAL_ACCENT_COLOR_NAME = AccentColor;
				CODE_SIGN_STYLE = Automatic;
				CURRENT_PROJECT_VERSION = 1;
				DEVELOPMENT_ASSET_PATHS = "\"BTHygrometer/Preview Content\"";
				DEVELOPMENT_TEAM = 27FU6W5HPT;
				ENABLE_PREVIEWS = YES;
				GENERATE_INFOPLIST_FILE = YES;
				INFOPLIST_FILE = BTHygrometer/Info.plist;
				INFOPLIST_KEY_UIApplicationSceneManifest_Generation = YES;
				INFOPLIST_KEY_UIApplicationSupportsIndirectInputEvents = YES;
				INFOPLIST_KEY_UILaunchScreen_Generation = YES;
				INFOPLIST_KEY_UISupportedInterfaceOrientations = UIInterfaceOrientationPortrait;
				IPHONEOS_DEPLOYMENT_TARGET = 16.0;
				LD_RUNPATH_SEARCH_PATHS = (
					"$(inherited)",
					"@executable_path/Frameworks",
				);
				MARKETING_VERSION = 1.0;
				PRODUCT_BUNDLE_IDENTIFIER = ru.rgrachik.BTHygrometer;
				PRODUCT_NAME = "$(TARGET_NAME)";
				SUPPORTED_PLATFORMS = "iphoneos iphonesimulator";
				SUPPORTS_MACCATALYST = NO;
				SUPPORTS_MAC_DESIGNED_FOR_IPHONE_IPAD = NO;
				SWIFT_EMIT_LOC_STRINGS = YES;
				SWIFT_VERSION = 5.0;
				TARGETED_DEVICE_FAMILY = 1;
			};
			name = Release;
		};
/* End XCBuildConfiguration section */

/* Begin XCConfigurationList section */
		27D0040729FC356C008A3FD5 /* Build configuration list for PBXProject "BTHygrometer" */ = {
			isa = XCConfigurationList;
			buildConfigurations = (
				27D0041829FC356E008A3FD5 /* Debug */,
				27D0041929FC356E008A3FD5 /* Release */,
			);
			defaultConfigurationIsVisible = 0;
			defaultConfigurationName = Release;
		};
		27D0041A29FC356E008A3FD5 /* Build configuration list for PBXNativeTarget "BTHygrometer" */ = {
			isa = XCConfigurationList;
			buildConfigurations = (
				27D0041B29FC356E008A3FD5 /* Debug */,
				27D0041C29FC356E008A3FD5 /* Release */,
			);
			defaultConfigurationIsVisible = 0;
			defaultConfigurationName = Release;
		};
/* End XCConfigurationList section */

/* Begin XCVersionGroup section */
		27BF34282A18B252003A0DFF /* Parameters.xcdatamodeld */ = {
			isa = XCVersionGroup;
			children = (
				27BF34292A18B252003A0DFF /* DataModel.xcdatamodel */,
			);
			currentVersion = 27BF34292A18B252003A0DFF /* DataModel.xcdatamodel */;
			path = Parameters.xcdatamodeld;
			sourceTree = "<group>";
			versionGroupType = wrapper.xcdatamodel;
		};
/* End XCVersionGroup section */
	};
	rootObject = 27D0040429FC356C008A3FD5 /* Project object */;
}
